
Microsoft Visual Studio Solution File, Format Version 12.00
# Visual Studio Version 16
VisualStudioVersion = 16.0.29609.76
MinimumVisualStudioVersion = 10.0.40219.1
Project("{FAE04EC0-301F-11D3-BF4B-00C04F79EFBC}") = "COMP2001_Review", "COMP2001_Review.csproj", "{479C6E09-AC33-4A17-812E-D71B704B94F7}"
EndProject
Global
	GlobalSection(SolutionConfigurationPlatforms) = preSolution
		Debug|Any CPU = Debug|Any CPU
		Release|Any CPU = Release|Any CPU
	EndGlobalSection
	GlobalSection(ProjectConfigurationPlatforms) = postSolution
		{479C6E09-AC33-4A17-812E-D71B704B94F7}.Debug|Any CPU.ActiveCfg = Debug|Any CPU
		{479C6E09-AC33-4A17-812E-D71B704B94F7}.Debug|Any CPU.Build.0 = Debug|Any CPU
		{479C6E09-AC33-4A17-812E-D71B704B94F7}.Release|Any CPU.ActiveCfg = Release|Any CPU
		{479C6E09-AC33-4A17-812E-D71B704B94F7}.Release|Any CPU.Build.0 = Release|Any CPU
	EndGlobalSection
	GlobalSection(SolutionProperties) = preSolution
		HideSolutionNode = FALSE
	EndGlobalSection
	GlobalSection(ExtensibilityGlobals) = postSolution
		SolutionGuid = {45C8ABDE-FDC6-45D2-B4CA-AE3448E77969}
	EndGlobalSection
EndGlobal
